# This file is automatically @generated by Cargo.
# It is not intended for manual editing.
version = 4

[[package]]
name = "elsa"
version = "1.11.2"
source = "registry+https://github.com/rust-lang/crates.io-index"
checksum = "9abf33c656a7256451ebb7d0082c5a471820c31269e49d807c538c252352186e"
dependencies = [
 "stable_deref_trait",
]

[[package]]
name = "embedded-io"
version = "0.6.1"
source = "registry+https://github.com/rust-lang/crates.io-index"
checksum = "edd0f118536f44f5ccd48bcb8b111bdc3de888b58c74639dfb034a357d0f206d"

[[package]]
name = "embedded-io-adapters"
version = "0.6.2"
source = "registry+https://github.com/rust-lang/crates.io-index"
checksum = "90ccf22c3feffc79593914c0b4be9a2ed6b11e44cf1f84fd6b77d2ee92de0077"
dependencies = [
 "embedded-io",
]

[[package]]
name = "lil-json"
version = "0.1.4"
dependencies = [
 "elsa",
 "embedded-io",
 "embedded-io-adapters",
 "numtoa",
]

[[package]]
name = "numtoa"
version = "0.3.1"
source = "registry+https://github.com/rust-lang/crates.io-index"
checksum = "9a6da8d50bd4f4b2e9788c44714a3fa4e465d33fd6a6ad70991db6eb30807dca"

[[package]]
name = "stable_deref_trait"
version = "1.2.0"
source = "registry+https://github.com/rust-lang/crates.io-index"
checksum = "a8f112729512f8e442d81f95a8a7ddf2b7c6b8a1a6f509a95864142b30cab2d3"
