# This file is automatically @generated by Cargo.
# It is not intended for manual editing.
version = 4

[[package]]
name = "embedded-io"
version = "0.6.1"
source = "registry+https://github.com/rust-lang/crates.io-index"
checksum = "edd0f118536f44f5ccd48bcb8b111bdc3de888b58c74639dfb034a357d0f206d"

[[package]]
name = "embedded-io-adapters"
version = "0.6.2"
source = "registry+https://github.com/rust-lang/crates.io-index"
checksum = "90ccf22c3feffc79593914c0b4be9a2ed6b11e44cf1f84fd6b77d2ee92de0077"
dependencies = [
 "embedded-io",
]

[[package]]
name = "lil-json"
version = "0.1.3"
dependencies = [
 "embedded-io",
 "embedded-io-adapters",
 "numtoa",
]

[[package]]
name = "numtoa"
version = "0.3.1"
source = "registry+https://github.com/rust-lang/crates.io-index"
checksum = "9a6da8d50bd4f4b2e9788c44714a3fa4e465d33fd6a6ad70991db6eb30807dca"
